
Microsoft Visual Studio Solution File, Format Version 12.00
# Visual Studio Version 17
VisualStudioVersion = 17.3.32901.215
MinimumVisualStudioVersion = 10.0.40219.1
Project("{FAE04EC0-301F-11D3-BF4B-00C04F79EFBC}") = "csharp-lista-indirizzi", "csharp-lista-indirizzi.csproj", "{9EF149C8-2E83-4D4F-AD9E-D5F1F6ED04C1}"
EndProject
Global
	GlobalSection(SolutionConfigurationPlatforms) = preSolution
		Debug|Any CPU = Debug|Any CPU
		Release|Any CPU = Release|Any CPU
	EndGlobalSection
	GlobalSection(ProjectConfigurationPlatforms) = postSolution
		{9EF149C8-2E83-4D4F-AD9E-D5F1F6ED04C1}.Debug|Any CPU.ActiveCfg = Debug|Any CPU
		{9EF149C8-2E83-4D4F-AD9E-D5F1F6ED04C1}.Debug|Any CPU.Build.0 = Debug|Any CPU
		{9EF149C8-2E83-4D4F-AD9E-D5F1F6ED04C1}.Release|Any CPU.ActiveCfg = Release|Any CPU
		{9EF149C8-2E83-4D4F-AD9E-D5F1F6ED04C1}.Release|Any CPU.Build.0 = Release|Any CPU
	EndGlobalSection
	GlobalSection(SolutionProperties) = preSolution
		HideSolutionNode = FALSE
	EndGlobalSection
	GlobalSection(ExtensibilityGlobals) = postSolution
		SolutionGuid = {144507B5-09EB-4B22-B6D3-204B088AB57A}
	EndGlobalSection
EndGlobal
